{
  "version": 4,
  "terraform_version": "1.2.6",
  "serial": 13,
  "lineage": "915d06d4-5af5-d903-993c-486a025a0d85",
  "outputs": {},
  "resources": [
    {
      "mode": "managed",
      "type": "aws_iam_user",
      "name": "myusers",
      "provider": "provider[\"registry.terraform.io/hashicorp/aws\"]",
      "instances": [
        {
          "index_key": 0,
          "schema_version": 0,
          "attributes": {
            "arn": "arn:aws:iam::241038262697:user/system/user-00",
            "force_destroy": false,
            "id": "user-00",
            "name": "user-00",
            "path": "/system/",
            "permissions_boundary": null,
            "tags": {
              "Name": "lab25-users",
              "author": "AndresCarrillo",
              "env": "lab-25"
            },
            "tags_all": {
              "Name": "lab25-users",
              "author": "AndresCarrillo",
              "env": "lab-25"
            },
            "unique_id": "AIDATQHYAAGUTLABDPM5J"
          },
          "sensitive_attributes": [],
          "private": "bnVsbA=="
        },
        {
          "index_key": 1,
          "schema_version": 0,
          "attributes": {
            "arn": "arn:aws:iam::241038262697:user/system/user-01",
            "force_destroy": false,
            "id": "user-01",
            "name": "user-01",
            "path": "/system/",
            "permissions_boundary": null,
            "tags": {
              "Name": "lab25-users",
              "author": "AndresCarrillo",
              "env": "lab-25"
            },
            "tags_all": {
              "Name": "lab25-users",
              "author": "AndresCarrillo",
              "env": "lab-25"
            },
            "unique_id": "AIDATQHYAAGUT5K376DNZ"
          },
          "sensitive_attributes": [],
          "private": "bnVsbA=="
        },
        {
          "index_key": 2,
          "schema_version": 0,
          "attributes": {
            "arn": "arn:aws:iam::241038262697:user/system/user-02",
            "force_destroy": false,
            "id": "user-02",
            "name": "user-02",
            "path": "/system/",
            "permissions_boundary": null,
            "tags": {
              "Name": "lab25-users",
              "author": "AndresCarrillo",
              "env": "lab-25"
            },
            "tags_all": {
              "Name": "lab25-users",
              "author": "AndresCarrillo",
              "env": "lab-25"
            },
            "unique_id": "AIDATQHYAAGU6PAARTQS3"
          },
          "sensitive_attributes": [],
          "private": "bnVsbA=="
        },
        {
          "index_key": 3,
          "schema_version": 0,
          "attributes": {
            "arn": "arn:aws:iam::241038262697:user/system/user-04",
            "force_destroy": false,
            "id": "user-04",
            "name": "user-03",
            "path": "/system/",
            "permissions_boundary": null,
            "tags": {
              "Name": "lab25-users",
              "author": "AndresCarrillo",
              "env": "lab-25"
            },
            "tags_all": {
              "Name": "lab25-users",
              "author": "AndresCarrillo",
              "env": "lab-25"
            },
            "unique_id": "AIDATQHYAAGUYRR6JX4UT"
          },
          "sensitive_attributes": [],
          "private": "bnVsbA=="
        }
      ]
    }
  ]
}
