{
  "version": 4,
  "terraform_version": "1.2.6",
  "serial": 7,
  "lineage": "1acc9b1c-1332-9ebe-076a-9988bf108d89",
  "outputs": {},
  "resources": [
    {
      "mode": "managed",
      "type": "aws_iam_user",
      "name": "myIAMusers",
      "provider": "provider[\"registry.terraform.io/hashicorp/aws\"]",
      "instances": [
        {
          "index_key": "user-0",
          "schema_version": 0,
          "attributes": {
            "arn": "arn:aws:iam::241038262697:user/user-0",
            "force_destroy": false,
            "id": "user-0",
            "name": "user-0",
            "path": "/",
            "permissions_boundary": null,
            "tags": null,
            "tags_all": {},
            "unique_id": "AIDATQHYAAGU3KHGE5EJO"
          },
          "sensitive_attributes": [],
          "private": "bnVsbA=="
        },
        {
          "index_key": "user-01",
          "schema_version": 0,
          "attributes": {
            "arn": "arn:aws:iam::241038262697:user/user-01",
            "force_destroy": false,
            "id": "user-01",
            "name": "user-01",
            "path": "/",
            "permissions_boundary": null,
            "tags": {},
            "tags_all": {},
            "unique_id": "AIDATQHYAAGU5MBBRX3TQ"
          },
          "sensitive_attributes": [],
          "private": "bnVsbA=="
        },
        {
          "index_key": "user-02",
          "schema_version": 0,
          "attributes": {
            "arn": "arn:aws:iam::241038262697:user/user-02",
            "force_destroy": false,
            "id": "user-02",
            "name": "user-02",
            "path": "/",
            "permissions_boundary": null,
            "tags": {},
            "tags_all": {},
            "unique_id": "AIDATQHYAAGUUNYPACHA4"
          },
          "sensitive_attributes": [],
          "private": "bnVsbA=="
        },
        {
          "index_key": "user-03",
          "schema_version": 0,
          "attributes": {
            "arn": "arn:aws:iam::241038262697:user/user-03",
            "force_destroy": false,
            "id": "user-03",
            "name": "user-03",
            "path": "/",
            "permissions_boundary": null,
            "tags": {},
            "tags_all": {},
            "unique_id": "AIDATQHYAAGUZTVZ7IQF2"
          },
          "sensitive_attributes": [],
          "private": "bnVsbA=="
        },
        {
          "index_key": "user-04",
          "schema_version": 0,
          "attributes": {
            "arn": "arn:aws:iam::241038262697:user/user-04",
            "force_destroy": false,
            "id": "user-04",
            "name": "user-04",
            "path": "/",
            "permissions_boundary": null,
            "tags": {},
            "tags_all": {},
            "unique_id": "AIDATQHYAAGUXCLNE2M4X"
          },
          "sensitive_attributes": [],
          "private": "bnVsbA=="
        }
      ]
    }
  ]
}
