{
  "version": 4,
  "terraform_version": "1.2.6",
  "serial": 4,
  "lineage": "67e4df83-1dbf-4e00-ffe9-b80a9b1d82da",
  "outputs": {},
  "resources": [
    {
      "mode": "managed",
      "type": "aws_iam_user",
      "name": "lb",
      "provider": "provider[\"registry.terraform.io/hashicorp/aws\"]",
      "instances": [
        {
          "index_key": 0,
          "schema_version": 0,
          "attributes": {
            "arn": "arn:aws:iam::241038262697:user/system/Martin",
            "force_destroy": false,
            "id": "Martin",
            "name": "Martin",
            "path": "/system/",
            "permissions_boundary": null,
            "tags": null,
            "tags_all": {},
            "unique_id": "AIDATQHYAAGURMB5AA4EB"
          },
          "sensitive_attributes": [],
          "private": "bnVsbA=="
        },
        {
          "index_key": 1,
          "schema_version": 0,
          "attributes": {
            "arn": "arn:aws:iam::241038262697:user/system/Alejandro",
            "force_destroy": false,
            "id": "Alejandro",
            "name": "Alejandro",
            "path": "/system/",
            "permissions_boundary": null,
            "tags": null,
            "tags_all": {},
            "unique_id": "AIDATQHYAAGUS3D7ATRXQ"
          },
          "sensitive_attributes": [],
          "private": "bnVsbA=="
        },
        {
          "index_key": 2,
          "schema_version": 0,
          "attributes": {
            "arn": "arn:aws:iam::241038262697:user/system/Carrillo",
            "force_destroy": false,
            "id": "Carrillo",
            "name": "Carrillo",
            "path": "/system/",
            "permissions_boundary": null,
            "tags": null,
            "tags_all": {},
            "unique_id": "AIDATQHYAAGUQZMEAEIYE"
          },
          "sensitive_attributes": [],
          "private": "bnVsbA=="
        }
      ]
    }
  ]
}
