{
  "version": 4,
  "terraform_version": "1.2.5",
  "serial": 1,
  "lineage": "ec6df46c-307e-dae4-0602-a6c998a89681",
  "outputs": {},
  "resources": [
    {
      "mode": "managed",
      "type": "aws_security_group",
      "name": "sg-testingVariables",
      "provider": "provider[\"registry.terraform.io/hashicorp/aws\"]",
      "instances": [
        {
          "schema_version": 1,
          "attributes": {
            "arn": "arn:aws:ec2:us-west-2:241038262697:security-group/sg-07b8c810539b18c02",
            "description": "Managed by Terraform",
            "egress": [],
            "id": "sg-07b8c810539b18c02",
            "ingress": [
              {
                "cidr_blocks": [
                  "205.102.60.31/32"
                ],
                "description": "Creating sg with variables terraform 1",
                "from_port": 80,
                "ipv6_cidr_blocks": [
                  "::/0"
                ],
                "prefix_list_ids": [],
                "protocol": "tcp",
                "security_groups": [],
                "self": false,
                "to_port": 80
              },
              {
                "cidr_blocks": [
                  "205.102.60.31/32"
                ],
                "description": "Creating sg with variables terraform 2",
                "from_port": 443,
                "ipv6_cidr_blocks": [
                  "::/0"
                ],
                "prefix_list_ids": [],
                "protocol": "tcp",
                "security_groups": [],
                "self": false,
                "to_port": 443
              },
              {
                "cidr_blocks": [
                  "205.102.60.31/32"
                ],
                "description": "Creating sg with variables terraform 3",
                "from_port": 53,
                "ipv6_cidr_blocks": [
                  "::/0"
                ],
                "prefix_list_ids": [],
                "protocol": "tcp",
                "security_groups": [],
                "self": false,
                "to_port": 53
              }
            ],
            "name": "terraform-20220729232214121400000001",
            "name_prefix": "terraform-",
            "owner_id": "241038262697",
            "revoke_rules_on_delete": false,
            "tags": null,
            "tags_all": {},
            "timeouts": null,
            "vpc_id": "vpc-089b75de9f7e7ff86"
          },
          "sensitive_attributes": [],
          "private": "eyJlMmJmYjczMC1lY2FhLTExZTYtOGY4OC0zNDM2M2JjN2M0YzAiOnsiY3JlYXRlIjo2MDAwMDAwMDAwMDAsImRlbGV0ZSI6OTAwMDAwMDAwMDAwfSwic2NoZW1hX3ZlcnNpb24iOiIxIn0="
        }
      ]
    }
  ]
}
