{
  "version": 4,
  "terraform_version": "1.2.6",
  "serial": 5,
  "lineage": "fce1817e-0037-a538-0979-069c3a2b3c66",
  "outputs": {
    "arns": {
      "value": [
        "arn:aws:iam::241038262697:user/home/iamuser-0",
        "arn:aws:iam::241038262697:user/home/iamuser-1",
        "arn:aws:iam::241038262697:user/home/iamuser-2"
      ],
      "type": [
        "tuple",
        [
          "string",
          "string",
          "string"
        ]
      ]
    },
    "combine": {
      "value": {
        "iamuser-0": "arn:aws:iam::241038262697:user/home/iamuser-0",
        "iamuser-1": "arn:aws:iam::241038262697:user/home/iamuser-1",
        "iamuser-2": "arn:aws:iam::241038262697:user/home/iamuser-2"
      },
      "type": [
        "object",
        {
          "iamuser-0": "string",
          "iamuser-1": "string",
          "iamuser-2": "string"
        }
      ]
    },
    "name": {
      "value": [
        "iamuser-0",
        "iamuser-1",
        "iamuser-2"
      ],
      "type": [
        "tuple",
        [
          "string",
          "string",
          "string"
        ]
      ]
    }
  },
  "resources": [
    {
      "mode": "managed",
      "type": "aws_iam_user",
      "name": "myusers",
      "provider": "provider[\"registry.terraform.io/hashicorp/aws\"]",
      "instances": [
        {
          "index_key": 0,
          "schema_version": 0,
          "attributes": {
            "arn": "arn:aws:iam::241038262697:user/home/iamuser-0",
            "force_destroy": false,
            "id": "iamuser-0",
            "name": "iamuser-0",
            "path": "/home/",
            "permissions_boundary": null,
            "tags": {},
            "tags_all": {},
            "unique_id": "AIDATQHYAAGUZUQSBJUTR"
          },
          "sensitive_attributes": [],
          "private": "bnVsbA=="
        },
        {
          "index_key": 1,
          "schema_version": 0,
          "attributes": {
            "arn": "arn:aws:iam::241038262697:user/home/iamuser-1",
            "force_destroy": false,
            "id": "iamuser-1",
            "name": "iamuser-1",
            "path": "/home/",
            "permissions_boundary": null,
            "tags": {},
            "tags_all": {},
            "unique_id": "AIDATQHYAAGUYN2UTTGXC"
          },
          "sensitive_attributes": [],
          "private": "bnVsbA=="
        },
        {
          "index_key": 2,
          "schema_version": 0,
          "attributes": {
            "arn": "arn:aws:iam::241038262697:user/home/iamuser-2",
            "force_destroy": false,
            "id": "iamuser-2",
            "name": "iamuser-2",
            "path": "/home/",
            "permissions_boundary": null,
            "tags": {},
            "tags_all": {},
            "unique_id": "AIDATQHYAAGUZBLACJIAK"
          },
          "sensitive_attributes": [],
          "private": "bnVsbA=="
        }
      ]
    }
  ]
}
