{
  "version": 4,
  "terraform_version": "1.2.6",
  "serial": 18,
  "lineage": "b8ed2af1-4b50-cb96-aa70-7029e306bd53",
  "outputs": {
    "iam_arns": {
      "value": "arn:aws:iam::241038262697:user/system/iamuser.0",
      "type": "string"
    }
  },
  "resources": [
    {
      "mode": "managed",
      "type": "aws_iam_user",
      "name": "myUsers",
      "provider": "provider[\"registry.terraform.io/hashicorp/aws\"]",
      "instances": [
        {
          "index_key": 0,
          "schema_version": 0,
          "attributes": {
            "arn": "arn:aws:iam::241038262697:user/system/iamuser.0",
            "force_destroy": false,
            "id": "iamuser.0",
            "name": "iamuser.0",
            "path": "/system/",
            "permissions_boundary": null,
            "tags": {
              "Name": "lab19-user-0",
              "author": "AndresCarrillo",
              "env": "lab-19"
            },
            "tags_all": {
              "Name": "lab19-user-0",
              "author": "AndresCarrillo",
              "env": "lab-19"
            },
            "unique_id": "AIDATQHYAAGUQUHIBHGGK"
          },
          "sensitive_attributes": [],
          "private": "bnVsbA=="
        },
        {
          "index_key": 1,
          "schema_version": 0,
          "attributes": {
            "arn": "arn:aws:iam::241038262697:user/system/iamuser.1",
            "force_destroy": false,
            "id": "iamuser.1",
            "name": "iamuser.1",
            "path": "/system/",
            "permissions_boundary": null,
            "tags": {
              "Name": "lab19-user-1",
              "author": "AndresCarrillo",
              "env": "lab-19"
            },
            "tags_all": {
              "Name": "lab19-user-1",
              "author": "AndresCarrillo",
              "env": "lab-19"
            },
            "unique_id": "AIDATQHYAAGUZ7QNNLO7C"
          },
          "sensitive_attributes": [],
          "private": "bnVsbA=="
        },
        {
          "index_key": 2,
          "schema_version": 0,
          "attributes": {
            "arn": "arn:aws:iam::241038262697:user/system/iamuser.2",
            "force_destroy": false,
            "id": "iamuser.2",
            "name": "iamuser.2",
            "path": "/system/",
            "permissions_boundary": null,
            "tags": {
              "Name": "lab19-user-2",
              "author": "AndresCarrillo",
              "env": "lab-19"
            },
            "tags_all": {
              "Name": "lab19-user-2",
              "author": "AndresCarrillo",
              "env": "lab-19"
            },
            "unique_id": "AIDATQHYAAGUVSXKDCZCL"
          },
          "sensitive_attributes": [],
          "private": "bnVsbA=="
        },
        {
          "index_key": 3,
          "schema_version": 0,
          "attributes": {
            "arn": "arn:aws:iam::241038262697:user/system/iamuser.3",
            "force_destroy": false,
            "id": "iamuser.3",
            "name": "iamuser.3",
            "path": "/system/",
            "permissions_boundary": null,
            "tags": {
              "Name": "lab19-user-3",
              "author": "AndresCarrillo",
              "env": "lab-19"
            },
            "tags_all": {
              "Name": "lab19-user-3",
              "author": "AndresCarrillo",
              "env": "lab-19"
            },
            "unique_id": "AIDATQHYAAGUXIE7HH52F"
          },
          "sensitive_attributes": [],
          "private": "bnVsbA=="
        },
        {
          "index_key": 4,
          "schema_version": 0,
          "attributes": {
            "arn": "arn:aws:iam::241038262697:user/system/iamuser.4",
            "force_destroy": false,
            "id": "iamuser.4",
            "name": "iamuser.4",
            "path": "/system/",
            "permissions_boundary": null,
            "tags": {
              "Name": "lab19-user-4",
              "author": "AndresCarrillo",
              "env": "lab-19"
            },
            "tags_all": {
              "Name": "lab19-user-4",
              "author": "AndresCarrillo",
              "env": "lab-19"
            },
            "unique_id": "AIDATQHYAAGUTPV6L36QU"
          },
          "sensitive_attributes": [],
          "private": "bnVsbA=="
        }
      ]
    }
  ]
}
